{
  "name": "style-compiler-for-uniapp",
  "version": "1.0.10",
  "lockfileVersion": 2,
  "requires": true,
  "packages": {
    "": {
      "name": "style-compiler-for-uniapp",
      "version": "1.0.10",
      "license": "MIT",
      "dependencies": {
        "style-compiler-for-uniapp": "^1.0.10"
      },
      "bin": {
        "run": "bin/run.js"
      }
    },
    "node_modules/style-compiler-for-uniapp": {
      "version": "1.0.10",
      "resolved": "https://registry.npmjs.org/style-compiler-for-uniapp/-/style-compiler-for-uniapp-1.0.10.tgz",
      "integrity": "sha512-OfPQh4C22xeREFBsJ1kD6pkBwYVg6jQ+MnqDLOFL0rI360xE97CnFdmAgjzfKOzJNFmk0LIbV4U2fAtc7HFbqg==",
      "bin": {
        "run": "bin/run.js"
      }
    }
  },
  "dependencies": {
    "style-compiler-for-uniapp": {
      "version": "1.0.10",
      "resolved": "https://registry.npmjs.org/style-compiler-for-uniapp/-/style-compiler-for-uniapp-1.0.10.tgz",
      "integrity": "sha512-OfPQh4C22xeREFBsJ1kD6pkBwYVg6jQ+MnqDLOFL0rI360xE97CnFdmAgjzfKOzJNFmk0LIbV4U2fAtc7HFbqg=="
    }
  }
}
